
Microsoft Visual Studio Solution File, Format Version 12.00
# Visual Studio 14
VisualStudioVersion = 14.0.24720.0
MinimumVisualStudioVersion = 10.0.40219.1
Project("{FAE04EC0-301F-11D3-BF4B-00C04F79EFBC}") = "ChallengeLogic", "ChallengeLogic\ChallengeLogic.csproj", "{CF7D9C28-5FD2-4468-A3BE-24C5415384CA}"
EndProject
Project("{FAE04EC0-301F-11D3-BF4B-00C04F79EFBC}") = "Contracts", "Contracts\Contracts.csproj", "{83A88087-090F-40CC-9662-102F338B9A06}"
EndProject
Project("{FAE04EC0-301F-11D3-BF4B-00C04F79EFBC}") = "WSChallgeneAPI", "WSChallgeneAPI\WSChallgeneAPI.csproj", "{4065915F-E274-4ED1-BE80-FF8987DA6C1F}"
EndProject
Global
	GlobalSection(SolutionConfigurationPlatforms) = preSolution
		Debug|Any CPU = Debug|Any CPU
		Release|Any CPU = Release|Any CPU
	EndGlobalSection
	GlobalSection(ProjectConfigurationPlatforms) = postSolution
		{CF7D9C28-5FD2-4468-A3BE-24C5415384CA}.Debug|Any CPU.ActiveCfg = Debug|Any CPU
		{CF7D9C28-5FD2-4468-A3BE-24C5415384CA}.Debug|Any CPU.Build.0 = Debug|Any CPU
		{CF7D9C28-5FD2-4468-A3BE-24C5415384CA}.Release|Any CPU.ActiveCfg = Release|Any CPU
		{CF7D9C28-5FD2-4468-A3BE-24C5415384CA}.Release|Any CPU.Build.0 = Release|Any CPU
		{83A88087-090F-40CC-9662-102F338B9A06}.Debug|Any CPU.ActiveCfg = Debug|Any CPU
		{83A88087-090F-40CC-9662-102F338B9A06}.Debug|Any CPU.Build.0 = Debug|Any CPU
		{83A88087-090F-40CC-9662-102F338B9A06}.Release|Any CPU.ActiveCfg = Release|Any CPU
		{83A88087-090F-40CC-9662-102F338B9A06}.Release|Any CPU.Build.0 = Release|Any CPU
		{4065915F-E274-4ED1-BE80-FF8987DA6C1F}.Debug|Any CPU.ActiveCfg = Debug|Any CPU
		{4065915F-E274-4ED1-BE80-FF8987DA6C1F}.Debug|Any CPU.Build.0 = Debug|Any CPU
		{4065915F-E274-4ED1-BE80-FF8987DA6C1F}.Release|Any CPU.ActiveCfg = Release|Any CPU
		{4065915F-E274-4ED1-BE80-FF8987DA6C1F}.Release|Any CPU.Build.0 = Release|Any CPU
	EndGlobalSection
	GlobalSection(SolutionProperties) = preSolution
		HideSolutionNode = FALSE
	EndGlobalSection
EndGlobal
